
Microsoft Visual Studio Solution File, Format Version 12.00
# Visual Studio 2012
Project("{FAE04EC0-301F-11D3-BF4B-00C04F79EFBC}") = "FontSubsetting", "FontSubsetting\FontSubsetting.csproj", "{262A391C-083C-4634-8BF6-C215576C9493}"
EndProject
Global
	GlobalSection(SolutionConfigurationPlatforms) = preSolution
		Debug|Any CPU = Debug|Any CPU
		Release|Any CPU = Release|Any CPU
	EndGlobalSection
	GlobalSection(ProjectConfigurationPlatforms) = postSolution
		{262A391C-083C-4634-8BF6-C215576C9493}.Debug|Any CPU.ActiveCfg = Debug|Any CPU
		{262A391C-083C-4634-8BF6-C215576C9493}.Debug|Any CPU.Build.0 = Debug|Any CPU
		{262A391C-083C-4634-8BF6-C215576C9493}.Release|Any CPU.ActiveCfg = Release|Any CPU
		{262A391C-083C-4634-8BF6-C215576C9493}.Release|Any CPU.Build.0 = Release|Any CPU
	EndGlobalSection
	GlobalSection(SolutionProperties) = preSolution
		HideSolutionNode = FALSE
	EndGlobalSection
EndGlobal
